{
  "name": "widget-preview",
  "lockfileVersion": 3,
  "requires": true,
  "packages": {
    "": {
      "name": "widget-preview",
      "devDependencies": {
        "adaptivecards": "^3.0.6",
        "adaptivecards-templating": "^2.3.1",
        "playwright": "^1.63.0"
      }
    },
    "node_modules/@microsoft/recognizers-text-data-types-timex-expression": {
      "version": "1.3.1",
      "resolved": "https://ms-feed-25.pkgs.visualstudio.com/1es-public/_packaging/npm-public/npm/registry/@microsoft/recognizers-text-data-types-timex-expression/-/recognizers-text-data-types-timex-expression-1.3.1.tgz",
      "integrity": "sha1-eIRShotf8L8DwjnDWXZKwgSypUg=",
      "dev": true,
      "license": "MIT",
      "peer": true,
      "engines": {
        "node": ">=10.3.0"
      }
    },
    "node_modules/@types/atob-lite": {
      "version": "2.0.2",
      "resolved": "https://ms-feed-25.pkgs.visualstudio.com/1es-public/_packaging/npm-public/npm/registry/@types/atob-lite/-/atob-lite-2.0.2.tgz",
      "integrity": "sha1-aPhmWQHgDxGhRG/WlnpV+/kSbH0=",
      "dev": true,
      "license": "MIT",
      "peer": true
    },
    "node_modules/@types/btoa-lite": {
      "version": "1.0.2",
      "resolved": "https://ms-feed-25.pkgs.visualstudio.com/1es-public/_packaging/npm-public/npm/registry/@types/btoa-lite/-/btoa-lite-1.0.2.tgz",
      "integrity": "sha1-grtqqwCr98/zyiglq+AQwM1TauU=",
      "dev": true,
      "license": "MIT",
      "peer": true
    },
    "node_modules/@types/lru-cache": {
      "version": "5.1.1",
      "resolved": "https://ms-feed-25.pkgs.visualstudio.com/1es-public/_packaging/npm-public/npm/registry/@types/lru-cache/-/lru-cache-5.1.1.tgz",
      "integrity": "sha1-xIwuJ7ZdKhU7Gb/BoxfjCHLgHu8=",
      "dev": true,
      "license": "MIT",
      "peer": true
    },
    "node_modules/@types/xmldom": {
      "version": "0.1.34",
      "resolved": "https://ms-feed-25.pkgs.visualstudio.com/1es-public/_packaging/npm-public/npm/registry/@types/xmldom/-/xmldom-0.1.34.tgz",
      "integrity": "sha1-p1L3O98JzG14s9Oy58pN0EzJb9I=",
      "dev": true,
      "license": "MIT",
      "peer": true
    },
    "node_modules/@xmldom/xmldom": {
      "version": "0.8.15",
      "resolved": "https://ms-feed-25.pkgs.visualstudio.com/1es-public/_packaging/npm-public/npm/registry/@xmldom/xmldom/-/xmldom-0.8.15.tgz",
      "integrity": "sha1-cev4Bynk6VIh1Rmsmx4erqd4SQc=",
      "dev": true,
      "license": "MIT",
      "peer": true,
      "engines": {
        "node": ">=10.0.0"
      }
    },
    "node_modules/adaptive-expressions": {
      "version": "4.23.3",
      "resolved": "https://ms-feed-25.pkgs.visualstudio.com/1es-public/_packaging/npm-public/npm/registry/adaptive-expressions/-/adaptive-expressions-4.23.3.tgz",
      "integrity": "sha1-AEZ3C0LI+EjgHQMht4oAbtqG/Uw=",
      "dev": true,
      "license": "MIT",
      "peer": true,
      "dependencies": {
        "@microsoft/recognizers-text-data-types-timex-expression": "~1.3.1",
        "@types/atob-lite": "^2.0.2",
        "@types/btoa-lite": "^1.0.2",
        "@types/lru-cache": "^5.1.1",
        "@types/xmldom": "^0.1.34",
        "@xmldom/xmldom": "^0.8.6",
        "antlr4ts": "0.5.0-alpha.4",
        "atob-lite": "^2.0.0",
        "big-integer": "^1.6.52",
        "btoa-lite": "^1.0.0",
        "d3-format": "^3.1.0",
        "dayjs": "^1.11.13",
        "fast-xml-parser": "^4.4.1",
        "jspath": "^0.4.0",
        "lodash": "^4.17.21",
        "lru-cache": "^5.1.1",
        "uuid": "^10.0.0",
        "xpath": "^0.0.34"
      }
    },
    "node_modules/adaptivecards": {
      "version": "3.0.6",
      "resolved": "https://ms-feed-25.pkgs.visualstudio.com/1es-public/_packaging/npm-public/npm/registry/adaptivecards/-/adaptivecards-3.0.6.tgz",
      "integrity": "sha1-GtcjLvEpbcXH+J+trgVFK82vsls=",
      "dev": true,
      "license": "MIT",
      "peerDependencies": {
        "swiper": "^12.1.2"
      }
    },
    "node_modules/adaptivecards-templating": {
      "version": "2.3.1",
      "resolved": "https://ms-feed-25.pkgs.visualstudio.com/1es-public/_packaging/npm-public/npm/registry/adaptivecards-templating/-/adaptivecards-templating-2.3.1.tgz",
      "integrity": "sha1-me6y/aesgwceCnPrhkAd4xV50h0=",
      "dev": true,
      "license": "MIT",
      "peerDependencies": {
        "adaptive-expressions": "^4.11.0"
      }
    },
    "node_modules/antlr4ts": {
      "version": "0.5.0-alpha.4",
      "resolved": "https://ms-feed-25.pkgs.visualstudio.com/1es-public/_packaging/npm-public/npm/registry/antlr4ts/-/antlr4ts-0.5.0-alpha.4.tgz",
      "integrity": "sha1-cXAoZah0eO0LQMBwn0Is8U1RZSo=",
      "dev": true,
      "license": "BSD-3-Clause",
      "peer": true
    },
    "node_modules/atob-lite": {
      "version": "2.0.0",
      "resolved": "https://ms-feed-25.pkgs.visualstudio.com/1es-public/_packaging/npm-public/npm/registry/atob-lite/-/atob-lite-2.0.0.tgz",
      "integrity": "sha1-D+9a1G8b16hQLGVyfwNn1e5D1pY=",
      "dev": true,
      "license": "MIT",
      "peer": true
    },
    "node_modules/big-integer": {
      "version": "1.6.52",
      "resolved": "https://ms-feed-25.pkgs.visualstudio.com/1es-public/_packaging/npm-public/npm/registry/big-integer/-/big-integer-1.6.52.tgz",
      "integrity": "sha1-YKiH8wR2FKjhv/5dcXNJCpfcjIU=",
      "dev": true,
      "license": "Unlicense",
      "peer": true,
      "engines": {
        "node": ">=0.6"
      }
    },
    "node_modules/btoa-lite": {
      "version": "1.0.0",
      "resolved": "https://ms-feed-25.pkgs.visualstudio.com/1es-public/_packaging/npm-public/npm/registry/btoa-lite/-/btoa-lite-1.0.0.tgz",
      "integrity": "sha1-M3dm2hWAEhD92VbCLpxokaudAzc=",
      "dev": true,
      "license": "MIT",
      "peer": true
    },
    "node_modules/d3-format": {
      "version": "3.1.2",
      "resolved": "https://ms-feed-25.pkgs.visualstudio.com/1es-public/_packaging/npm-public/npm/registry/d3-format/-/d3-format-3.1.2.tgz",
      "integrity": "sha1-Af20a1i+sfVbELQq1wtuNE1esq4=",
      "dev": true,
      "license": "ISC",
      "peer": true,
      "engines": {
        "node": ">=12"
      }
    },
    "node_modules/dayjs": {
      "version": "1.11.23",
      "resolved": "https://ms-feed-25.pkgs.visualstudio.com/1es-public/_packaging/npm-public/npm/registry/dayjs/-/dayjs-1.11.23.tgz",
      "integrity": "sha1-sKNjUG3eXzbPUHXkLr6BFRZajHk=",
      "dev": true,
      "license": "MIT",
      "peer": true
    },
    "node_modules/fast-xml-parser": {
      "version": "4.5.7",
      "resolved": "https://ms-feed-25.pkgs.visualstudio.com/1es-public/_packaging/npm-public/npm/registry/fast-xml-parser/-/fast-xml-parser-4.5.7.tgz",
      "integrity": "sha1-ujR5oeyoq/LMPlSvJU+ubx8RUCE=",
      "dev": true,
      "funding": [
        {
          "type": "github",
          "url": "https://github.com/sponsors/NaturalIntelligence"
        }
      ],
      "license": "MIT",
      "peer": true,
      "dependencies": {
        "strnum": "^1.0.5"
      },
      "bin": {
        "fxparser": "src/cli/cli.js"
      }
    },
    "node_modules/jspath": {
      "version": "0.4.0",
      "resolved": "https://ms-feed-25.pkgs.visualstudio.com/1es-public/_packaging/npm-public/npm/registry/jspath/-/jspath-0.4.0.tgz",
      "integrity": "sha1-L1/RgI/yJJqIo8ReZCKIoib4Xh0=",
      "dev": true,
      "peer": true,
      "engines": {
        "node": ">= 0.4.0"
      }
    },
    "node_modules/lodash": {
      "version": "4.18.1",
      "resolved": "https://ms-feed-25.pkgs.visualstudio.com/1es-public/_packaging/npm-public/npm/registry/lodash/-/lodash-4.18.1.tgz",
      "integrity": "sha1-/ytmwfYybVlRPeJAe/iBQ5gSdxw=",
      "dev": true,
      "license": "MIT",
      "peer": true
    },
    "node_modules/lru-cache": {
      "version": "5.1.1",
      "resolved": "https://ms-feed-25.pkgs.visualstudio.com/1es-public/_packaging/npm-public/npm/registry/lru-cache/-/lru-cache-5.1.1.tgz",
      "integrity": "sha1-HaJ+ZxAnGUdpXa9oSOhH8B2EuSA=",
      "dev": true,
      "license": "ISC",
      "peer": true,
      "dependencies": {
        "yallist": "^3.0.2"
      }
    },
    "node_modules/playwright": {
      "version": "1.63.0",
      "resolved": "https://ms-feed-25.pkgs.visualstudio.com/1es-public/_packaging/npm-public/npm/registry/playwright/-/playwright-1.63.0.tgz",
      "integrity": "sha1-mbVvn2mxtwxE8Av4Sy/lI0iuJRE=",
      "dev": true,
      "license": "Apache-2.0",
      "dependencies": {
        "playwright-core": "1.63.0"
      },
      "bin": {
        "playwright": "cli.js"
      },
      "engines": {
        "node": ">=20"
      }
    },
    "node_modules/playwright-core": {
      "version": "1.63.0",
      "resolved": "https://ms-feed-25.pkgs.visualstudio.com/1es-public/_packaging/npm-public/npm/registry/playwright-core/-/playwright-core-1.63.0.tgz",
      "integrity": "sha1-5XZlvDKEbCE6w5oeTVvGIo52s3Y=",
      "dev": true,
      "license": "Apache-2.0",
      "bin": {
        "playwright-core": "cli.js"
      },
      "engines": {
        "node": ">=20"
      }
    },
    "node_modules/strnum": {
      "version": "1.1.2",
      "resolved": "https://ms-feed-25.pkgs.visualstudio.com/1es-public/_packaging/npm-public/npm/registry/strnum/-/strnum-1.1.2.tgz",
      "integrity": "sha1-V7yk+6pvJxCBcV28ntfO5Uk+KOQ=",
      "dev": true,
      "funding": [
        {
          "type": "github",
          "url": "https://github.com/sponsors/NaturalIntelligence"
        }
      ],
      "license": "MIT",
      "peer": true
    },
    "node_modules/swiper": {
      "version": "12.2.0",
      "resolved": "https://ms-feed-25.pkgs.visualstudio.com/1es-public/_packaging/npm-public/npm/registry/swiper/-/swiper-12.2.0.tgz",
      "integrity": "sha1-9tqohkZavRu8Qr4vLOGCfNA8keo=",
      "dev": true,
      "funding": [
        {
          "type": "custom",
          "url": "https://sponsors.nolimits4web.com"
        },
        {
          "type": "github",
          "url": "https://github.com/sponsors/nolimits4web"
        }
      ],
      "license": "MIT",
      "peer": true,
      "engines": {
        "node": ">= 4.7.0"
      }
    },
    "node_modules/uuid": {
      "version": "10.0.0",
      "resolved": "https://ms-feed-25.pkgs.visualstudio.com/1es-public/_packaging/npm-public/npm/registry/uuid/-/uuid-10.0.0.tgz",
      "integrity": "sha1-WpWqRU5uACclx5BV/UKqujDKYpQ=",
      "deprecated": "uuid@10 and below is no longer supported.  For ESM codebases, update to uuid@latest.  For CommonJS codebases, use uuid@11 (but be aware this version will likely be deprecated in 2028).",
      "dev": true,
      "funding": [
        "https://github.com/sponsors/broofa",
        "https://github.com/sponsors/ctavan"
      ],
      "license": "MIT",
      "peer": true,
      "bin": {
        "uuid": "dist/bin/uuid"
      }
    },
    "node_modules/xpath": {
      "version": "0.0.34",
      "resolved": "https://ms-feed-25.pkgs.visualstudio.com/1es-public/_packaging/npm-public/npm/registry/xpath/-/xpath-0.0.34.tgz",
      "integrity": "sha1-p2klXogW4JOOHgAF8rqnJ5vovhI=",
      "dev": true,
      "license": "MIT",
      "peer": true,
      "engines": {
        "node": ">=0.6.0"
      }
    },
    "node_modules/yallist": {
      "version": "3.1.1",
      "resolved": "https://ms-feed-25.pkgs.visualstudio.com/1es-public/_packaging/npm-public/npm/registry/yallist/-/yallist-3.1.1.tgz",
      "integrity": "sha1-27fa+b/YusmrRev2ArjLrQ1dCP0=",
      "dev": true,
      "license": "ISC",
      "peer": true
    }
  }
}
